hash: 6e487dfd4d5cf3b033b076384148dbcc426418d4841432ab3f15f02f04eaa14e
updated: 2017-11-13T16:02:41.595134+08:00
imports:
- name: github.com/astaxie/beego
  version: d96289a81bf67728cff7a19b067aaecc65a62ec6
  subpackages:
  - config
  - context
  - context/param
  - grace
  - logs
  - orm
  - session
  - toolbox
  - utils
- name: github.com/mattn/go-sqlite3
  version: 5160b48509cf5c877bc22c11c373f8c7738cdb38
testImports:
- name: github.com/gopherjs/gopherjs
  version: 444abdf920945de5d4a977b572bcc6c674d1e4eb
  subpackages:
  - js
- name: github.com/jtolds/gls
  version: 77f18212c9c7edc9bd6a33d383a7b545ce62f064
- name: github.com/smartystreets/assertions
  version: 0b37b35ec7434b77e77a4bb29b79677cced992ea
  subpackages:
  - internal/go-render/render
  - internal/oglematchers
- name: github.com/smartystreets/goconvey
  version: 9e8dc3f972df6c8fcc0375ef492c24d0bb204857
  subpackages:
  - convey
  - convey/gotest
  - convey/reporting
